
Microsoft Visual Studio Solution File, Format Version 12.00
# Visual Studio 15
VisualStudioVersion = 15.0.28307.645
MinimumVisualStudioVersion = 10.0.40219.1
Project("{FAE04EC0-301F-11D3-BF4B-00C04F79EFBC}") = "Client", "Client\Client.csproj", "{65FB0C20-57DB-411E-9948-1D6B992967C3}"
EndProject
Global
	GlobalSection(SolutionConfigurationPlatforms) = preSolution
		Debug|Any CPU = Debug|Any CPU
		Release|Any CPU = Release|Any CPU
	EndGlobalSection
	GlobalSection(ProjectConfigurationPlatforms) = postSolution
		{65FB0C20-57DB-411E-9948-1D6B992967C3}.Debug|Any CPU.ActiveCfg = Debug|Any CPU
		{65FB0C20-57DB-411E-9948-1D6B992967C3}.Debug|Any CPU.Build.0 = Debug|Any CPU
		{65FB0C20-57DB-411E-9948-1D6B992967C3}.Release|Any CPU.ActiveCfg = Release|Any CPU
		{65FB0C20-57DB-411E-9948-1D6B992967C3}.Release|Any CPU.Build.0 = Release|Any CPU
	EndGlobalSection
	GlobalSection(SolutionProperties) = preSolution
		HideSolutionNode = FALSE
	EndGlobalSection
	GlobalSection(ExtensibilityGlobals) = postSolution
		SolutionGuid = {4A9D06BB-C750-4F20-A284-C8598B7BFC79}
	EndGlobalSection
EndGlobal
